
Microsoft Visual Studio Solution File, Format Version 12.00
# Visual Studio Version 16
VisualStudioVersion = 16.0.30011.22
MinimumVisualStudioVersion = 10.0.40219.1
Project("{9A19103F-16F7-4668-BE54-9A1E7A4F7556}") = "ChocoTrayNotify", "ChocoTrayNotify\ChocoTrayNotify.csproj", "{8AF74052-90F3-4E1B-8337-C348C86C1B39}"
EndProject
Project("{9A19103F-16F7-4668-BE54-9A1E7A4F7556}") = "NotifyIconWpf", "NotifyIconWpf\NotifyIconWpf.csproj", "{674798B9-E722-4793-BDAD-234CD7800748}"
EndProject
Project("{9A19103F-16F7-4668-BE54-9A1E7A4F7556}") = "CSharpUtils", "External\CSharpUtils\CSharpUtils.csproj", "{0091FA90-3FDC-4491-9B03-AF542246431B}"
EndProject
Global
	GlobalSection(SolutionConfigurationPlatforms) = preSolution
		Debug|Any CPU = Debug|Any CPU
		Release|Any CPU = Release|Any CPU
	EndGlobalSection
	GlobalSection(ProjectConfigurationPlatforms) = postSolution
		{8AF74052-90F3-4E1B-8337-C348C86C1B39}.Debug|Any CPU.ActiveCfg = Debug|Any CPU
		{8AF74052-90F3-4E1B-8337-C348C86C1B39}.Debug|Any CPU.Build.0 = Debug|Any CPU
		{8AF74052-90F3-4E1B-8337-C348C86C1B39}.Release|Any CPU.ActiveCfg = Release|Any CPU
		{8AF74052-90F3-4E1B-8337-C348C86C1B39}.Release|Any CPU.Build.0 = Release|Any CPU
		{674798B9-E722-4793-BDAD-234CD7800748}.Debug|Any CPU.ActiveCfg = Debug|Any CPU
		{674798B9-E722-4793-BDAD-234CD7800748}.Debug|Any CPU.Build.0 = Debug|Any CPU
		{674798B9-E722-4793-BDAD-234CD7800748}.Release|Any CPU.ActiveCfg = Release|Any CPU
		{674798B9-E722-4793-BDAD-234CD7800748}.Release|Any CPU.Build.0 = Release|Any CPU
		{0091FA90-3FDC-4491-9B03-AF542246431B}.Debug|Any CPU.ActiveCfg = Debug|Any CPU
		{0091FA90-3FDC-4491-9B03-AF542246431B}.Debug|Any CPU.Build.0 = Debug|Any CPU
		{0091FA90-3FDC-4491-9B03-AF542246431B}.Release|Any CPU.ActiveCfg = Release|Any CPU
		{0091FA90-3FDC-4491-9B03-AF542246431B}.Release|Any CPU.Build.0 = Release|Any CPU
	EndGlobalSection
	GlobalSection(SolutionProperties) = preSolution
		HideSolutionNode = FALSE
	EndGlobalSection
	GlobalSection(ExtensibilityGlobals) = postSolution
		SolutionGuid = {21EB3564-B546-4D28-8BB8-2C004E4DA88A}
	EndGlobalSection
EndGlobal
